// !$*UTF8*$!
{
	archiveVersion = 1;
	classes = {
	};
	objectVersion = 46;
	objects = {

/* Begin PBXBuildFile section */
		75EE554E183BBFE900C52654 /* Foundation.framework in Frameworks */ = {isa = PBXBuildFile; fileRef = 75EE554D183BBFE900C52654 /* Foundation.framework */; };
		75EE5550183BBFE900C52654 /* CoreGraphics.framework in Frameworks */ = {isa = PBXBuildFile; fileRef = 75EE554F183BBFE900C52654 /* CoreGraphics.framework */; };
		75EE5552183BBFE900C52654 /* UIKit.framework in Frameworks */ = {isa = PBXBuildFile; fileRef = 75EE5551183BBFE900C52654 /* UIKit.framework */; };
		75EE5558183BBFE900C52654 /* InfoPlist.strings in Resources */ = {isa = PBXBuildFile; fileRef = 75EE5556183BBFE900C52654 /* InfoPlist.strings */; };
		75EE555A183BBFE900C52654 /* main.m in Sources */ = {isa = PBXBuildFile; fileRef = 75EE5559183BBFE900C52654 /* main.m */; };
		75EE555E183BBFE900C52654 /* AppDelegate.m in Sources */ = {isa = PBXBuildFile; fileRef = 75EE555D183BBFE900C52654 /* AppDelegate.m */; };
		75EE5561183BBFE900C52654 /* Main_iPhone.storyboard in Resources */ = {isa = PBXBuildFile; fileRef = 75EE555F183BBFE900C52654 /* Main_iPhone.storyboard */; };
		75EE5564183BBFE900C52654 /* Main_iPad.storyboard in Resources */ = {isa = PBXBuildFile; fileRef = 75EE5562183BBFE900C52654 /* Main_iPad.storyboard */; };
		75EE5569183BBFE900C52654 /* Images.xcassets in Resources */ = {isa = PBXBuildFile; fileRef = 75EE5568183BBFE900C52654 /* Images.xcassets */; };
		75EE5570183BBFE900C52654 /* XCTest.framework in Frameworks */ = {isa = PBXBuildFile; fileRef = 75EE556F183BBFE900C52654 /* XCTest.framework */; };
		75EE5571183BBFE900C52654 /* Foundation.framework in Frameworks */ = {isa = PBXBuildFile; fileRef = 75EE554D183BBFE900C52654 /* Foundation.framework */; };
		75EE5572183BBFE900C52654 /* UIKit.framework in Frameworks */ = {isa = PBXBuildFile; fileRef = 75EE5551183BBFE900C52654 /* UIKit.framework */; };
		75EE557A183BBFE900C52654 /* InfoPlist.strings in Resources */ = {isa = PBXBuildFile; fileRef = 75EE5578183BBFE900C52654 /* InfoPlist.strings */; };
		75EE557C183BBFE900C52654 /* EventosCaracolTests.m in Sources */ = {isa = PBXBuildFile; fileRef = 75EE557B183BBFE900C52654 /* EventosCaracolTests.m */; };
		75EE5589183BC45300C52654 /* ServerCommunicator.m in Sources */ = {isa = PBXBuildFile; fileRef = 75EE5586183BC45300C52654 /* ServerCommunicator.m */; };
		75EE558A183BC45300C52654 /* FileSaver.m in Sources */ = {isa = PBXBuildFile; fileRef = 75EE5588183BC45300C52654 /* FileSaver.m */; };
		8B1ED2531844E30E00312DCE /* MenuTableViewCell.m in Sources */ = {isa = PBXBuildFile; fileRef = 8B1ED2521844E30E00312DCE /* MenuTableViewCell.m */; };
		8B1ED256184544DB00312DCE /* FAQViewController.m in Sources */ = {isa = PBXBuildFile; fileRef = 8B1ED255184544DB00312DCE /* FAQViewController.m */; };
		8B1ED2581845482E00312DCE /* IconoPrueba.png in Resources */ = {isa = PBXBuildFile; fileRef = 8B1ED2571845482E00312DCE /* IconoPrueba.png */; };
		8B1ED25A18454F4D00312DCE /* SDWebImage.framework in Frameworks */ = {isa = PBXBuildFile; fileRef = 8B1ED25918454F4D00312DCE /* SDWebImage.framework */; };
		8B1ED25C18454F7100312DCE /* ImageIO.framework in Frameworks */ = {isa = PBXBuildFile; fileRef = 8B1ED25B18454F7100312DCE /* ImageIO.framework */; };
		8B2D0031183D1BBB0007D502 /* ListViewController.m in Sources */ = {isa = PBXBuildFile; fileRef = 8B2D0030183D1BBB0007D502 /* ListViewController.m */; };
		8B2D0034183D1D700007D502 /* SWTableViewCell.m in Sources */ = {isa = PBXBuildFile; fileRef = 8B2D0033183D1D700007D502 /* SWTableViewCell.m */; };
		8B2D0037183D2A490007D502 /* Atom.m in Sources */ = {isa = PBXBuildFile; fileRef = 8B2D0036183D2A490007D502 /* Atom.m */; };
		8B2D003A183D2EF30007D502 /* Location.m in Sources */ = {isa = PBXBuildFile; fileRef = 8B2D0039183D2EF30007D502 /* Location.m */; };
		8B2D003F183D447C0007D502 /* Social.framework in Frameworks */ = {isa = PBXBuildFile; fileRef = 8B2D003E183D447C0007D502 /* Social.framework */; };
		8B2D0041183D44A90007D502 /* MessageUI.framework in Frameworks */ = {isa = PBXBuildFile; fileRef = 8B2D0040183D44A90007D502 /* MessageUI.framework */; };
		8B2D0044183D64920007D502 /* DetailsViewController.m in Sources */ = {isa = PBXBuildFile; fileRef = 8B2D0043183D64920007D502 /* DetailsViewController.m */; };
		8B3BC98618526D9300CAD92E /* Loading.png in Resources */ = {isa = PBXBuildFile; fileRef = 8B3BC98518526D9300CAD92E /* Loading.png */; };
		8B3BC988185278D300CAD92E /* SidebarIcon.png in Resources */ = {isa = PBXBuildFile; fileRef = 8B3BC987185278D300CAD92E /* SidebarIcon.png */; };
		8B3BC98A18527AEF00CAD92E /* ShareIcon.png in Resources */ = {isa = PBXBuildFile; fileRef = 8B3BC98918527AEF00CAD92E /* ShareIcon.png */; };
		8B3BC98C185282E100CAD92E /* FondoMenu.png in Resources */ = {isa = PBXBuildFile; fileRef = 8B3BC98B185282E100CAD92E /* FondoMenu.png */; };
		8B3BC98F18528A0000CAD92E /* CorazonApagado.png in Resources */ = {isa = PBXBuildFile; fileRef = 8B3BC98D18528A0000CAD92E /* CorazonApagado.png */; };
		8B3BC99018528A0000CAD92E /* CorazonPrendido.png in Resources */ = {isa = PBXBuildFile; fileRef = 8B3BC98E18528A0000CAD92E /* CorazonPrendido.png */; };
		8B8BFC8D183BFE5A003552EC /* FacebookSDK.framework in Frameworks */ = {isa = PBXBuildFile; fileRef = 8B8BFC8C183BFE5A003552EC /* FacebookSDK.framework */; };
		8BA11EBF183BDAA0003616AB /* LoadingViewController.m in Sources */ = {isa = PBXBuildFile; fileRef = 8BA11EBE183BDAA0003616AB /* LoadingViewController.m */; };
		8BA11EC2183BDB5D003616AB /* LoginViewController.m in Sources */ = {isa = PBXBuildFile; fileRef = 8BA11EC1183BDB5D003616AB /* LoginViewController.m */; };
		8BA59699185128C400B6E7D0 /* WebViewController.m in Sources */ = {isa = PBXBuildFile; fileRef = 8BA59698185128C400B6E7D0 /* WebViewController.m */; };
		8BA9C3B11843A20100876AA5 /* SWRevealViewController.m in Sources */ = {isa = PBXBuildFile; fileRef = 8BA9C3B01843A20100876AA5 /* SWRevealViewController.m */; };
		8BA9C3B51843A60700876AA5 /* SidebarViewController.m in Sources */ = {isa = PBXBuildFile; fileRef = 8BA9C3B41843A60700876AA5 /* SidebarViewController.m */; };
		8BB37E071848FA6C00274848 /* TutorialViewController.m in Sources */ = {isa = PBXBuildFile; fileRef = 8BB37E061848FA6C00274848 /* TutorialViewController.m */; };
		8BB37E091848FA9700274848 /* CaracolPrueba.jpg in Resources */ = {isa = PBXBuildFile; fileRef = 8BB37E081848FA9700274848 /* CaracolPrueba.jpg */; };
		8BB37E4F18492FBC00274848 /* CaracolPrueba2.jpg in Resources */ = {isa = PBXBuildFile; fileRef = 8BB37E4E18492FBC00274848 /* CaracolPrueba2.jpg */; };
		8BB37E511849332200274848 /* CaracolPrueba3.png in Resources */ = {isa = PBXBuildFile; fileRef = 8BB37E501849332200274848 /* CaracolPrueba3.png */; };
		8BB37E531849357900274848 /* CaracolPrueba4.png in Resources */ = {isa = PBXBuildFile; fileRef = 8BB37E521849357900274848 /* CaracolPrueba4.png */; };
		8BB464D01847F5CB0000A7FE /* BorrarPrueba.png in Resources */ = {isa = PBXBuildFile; fileRef = 8BB464CF1847F5CB0000A7FE /* BorrarPrueba.png */; };
		8BBDE6A61846415F00BEAD74 /* AVFoundation.framework in Frameworks */ = {isa = PBXBuildFile; fileRef = 8BBDE6A51846415F00BEAD74 /* AVFoundation.framework */; };
		8BBDE6A81846416300BEAD74 /* CoreData.framework in Frameworks */ = {isa = PBXBuildFile; fileRef = 8BBDE6A71846416300BEAD74 /* CoreData.framework */; };
		8BBDE6AA1846416800BEAD74 /* CoreLocation.framework in Frameworks */ = {isa = PBXBuildFile; fileRef = 8BBDE6A91846416800BEAD74 /* CoreLocation.framework */; };
		8BBDE6AC1846417500BEAD74 /* CoreText.framework in Frameworks */ = {isa = PBXBuildFile; fileRef = 8BBDE6AB1846417500BEAD74 /* CoreText.framework */; };
		8BBDE6AE1846417900BEAD74 /* GLKit.framework in Frameworks */ = {isa = PBXBuildFile; fileRef = 8BBDE6AD1846417900BEAD74 /* GLKit.framework */; };
		8BBDE6B01846419000BEAD74 /* libc++.dylib in Frameworks */ = {isa = PBXBuildFile; fileRef = 8BBDE6AF1846419000BEAD74 /* libc++.dylib */; };
		8BBDE6B21846419700BEAD74 /* libicucore.dylib in Frameworks */ = {isa = PBXBuildFile; fileRef = 8BBDE6B11846419700BEAD74 /* libicucore.dylib */; };
		8BBDE6B4184641A200BEAD74 /* libz.dylib in Frameworks */ = {isa = PBXBuildFile; fileRef = 8BBDE6B3184641A200BEAD74 /* libz.dylib */; };
		8BBDE6B6184641A700BEAD74 /* OpenGLES.framework in Frameworks */ = {isa = PBXBuildFile; fileRef = 8BBDE6B5184641A700BEAD74 /* OpenGLES.framework */; };
		8BBDE6B8184641AB00BEAD74 /* QuartzCore.framework in Frameworks */ = {isa = PBXBuildFile; fileRef = 8BBDE6B7184641AB00BEAD74 /* QuartzCore.framework */; };
		8BBDE6BA184641B100BEAD74 /* SystemConfiguration.framework in Frameworks */ = {isa = PBXBuildFile; fileRef = 8BBDE6B9184641B100BEAD74 /* SystemConfiguration.framework */; };
		8BBDE6BD1846422100BEAD74 /* MapViewController.m in Sources */ = {isa = PBXBuildFile; fileRef = 8BBDE6BC1846422100BEAD74 /* MapViewController.m */; };
		8BBE1241184CDFAA00D90BE5 /* NSString+Trim.m in Sources */ = {isa = PBXBuildFile; fileRef = 8BBE121E184CDFAA00D90BE5 /* NSString+Trim.m */; };
		8BBE1242184CDFAA00D90BE5 /* UIFont+Alert.m in Sources */ = {isa = PBXBuildFile; fileRef = 8BBE1220184CDFAA00D90BE5 /* UIFont+Alert.m */; };
		8BBE1243184CDFAA00D90BE5 /* UIView+Alert.m in Sources */ = {isa = PBXBuildFile; fileRef = 8BBE1222184CDFAA00D90BE5 /* UIView+Alert.m */; };
		8BBE1244184CDFAA00D90BE5 /* MBAlertView.m in Sources */ = {isa = PBXBuildFile; fileRef = 8BBE1225184CDFAA00D90BE5 /* MBAlertView.m */; };
		8BBE1245184CDFAA00D90BE5 /* MBAlertViewButton.m in Sources */ = {isa = PBXBuildFile; fileRef = 8BBE1227184CDFAA00D90BE5 /* MBAlertViewButton.m */; };
		8BBE1246184CDFAA00D90BE5 /* MBAlertViewItem.m in Sources */ = {isa = PBXBuildFile; fileRef = 8BBE1229184CDFAA00D90BE5 /* MBAlertViewItem.m */; };
		8BBE1247184CDFAA00D90BE5 /* AutoLayoutHelpers.m in Sources */ = {isa = PBXBuildFile; fileRef = 8BBE122D184CDFAA00D90BE5 /* AutoLayoutHelpers.m */; };
		8BBE1248184CDFAA00D90BE5 /* UIView+Autolayout.m in Sources */ = {isa = PBXBuildFile; fileRef = 8BBE122F184CDFAA00D90BE5 /* UIView+Autolayout.m */; };
		8BBE1249184CDFAA00D90BE5 /* MBFlatAlertAbstract.m in Sources */ = {isa = PBXBuildFile; fileRef = 8BBE1231184CDFAA00D90BE5 /* MBFlatAlertAbstract.m */; };
		8BBE124A184CDFAA00D90BE5 /* MBFlatAlertButton.m in Sources */ = {isa = PBXBuildFile; fileRef = 8BBE1233184CDFAA00D90BE5 /* MBFlatAlertButton.m */; };
		8BBE124B184CDFAA00D90BE5 /* MBFlatAlertView.m in Sources */ = {isa = PBXBuildFile; fileRef = 8BBE1235184CDFAA00D90BE5 /* MBFlatAlertView.m */; };
		8BBE124C184CDFAA00D90BE5 /* MBCheckMarkView.m in Sources */ = {isa = PBXBuildFile; fileRef = 8BBE1238184CDFAA00D90BE5 /* MBCheckMarkView.m */; };
		8BBE124D184CDFAA00D90BE5 /* MBHUDView.m in Sources */ = {isa = PBXBuildFile; fileRef = 8BBE123A184CDFAA00D90BE5 /* MBHUDView.m */; };
		8BBE124E184CDFAA00D90BE5 /* MBSpinningCircle.m in Sources */ = {isa = PBXBuildFile; fileRef = 8BBE123C184CDFAA00D90BE5 /* MBSpinningCircle.m */; };
		8BBE124F184CDFAA00D90BE5 /* MBAlertAbstract.m in Sources */ = {isa = PBXBuildFile; fileRef = 8BBE123E184CDFAA00D90BE5 /* MBAlertAbstract.m */; };
		8BBE1251184CE97A00D90BE5 /* CarnavalPrueba.jpg in Resources */ = {isa = PBXBuildFile; fileRef = 8BBE1250184CE97A00D90BE5 /* CarnavalPrueba.jpg */; };
		8BBE1296184D309900D90BE5 /* updateArrow.png in Resources */ = {isa = PBXBuildFile; fileRef = 8BBE1295184D309900D90BE5 /* updateArrow.png */; };
		8BCD7D3C183FB20500849D8A /* CorazonPrueba.png in Resources */ = {isa = PBXBuildFile; fileRef = 8BCD7D3B183FB20500849D8A /* CorazonPrueba.png */; };
		8BCD7D40183FB8DC00849D8A /* DestacadosViewController.m in Sources */ = {isa = PBXBuildFile; fileRef = 8BCD7D3F183FB8DC00849D8A /* DestacadosViewController.m */; };
		8BD09F59184F81E900BA45FC /* CorazonGris.png in Resources */ = {isa = PBXBuildFile; fileRef = 8BD09F58184F81E900BA45FC /* CorazonGris.png */; };
		8BD09F5B184F846300BA45FC /* BorrarGris.png in Resources */ = {isa = PBXBuildFile; fileRef = 8BD09F5A184F846300BA45FC /* BorrarGris.png */; };
		8BEFF81E183FEEE1004A5C6E /* DestacadosCollectionViewCell.m in Sources */ = {isa = PBXBuildFile; fileRef = 8BEFF81D183FEEE1004A5C6E /* DestacadosCollectionViewCell.m */; };
		8BF0E327185242580048D32D /* CorazonRojo.png in Resources */ = {isa = PBXBuildFile; fileRef = 8BF0E326185242580048D32D /* CorazonRojo.png */; };
		8BF0E329185244360048D32D /* BorrarRojo.png in Resources */ = {isa = PBXBuildFile; fileRef = 8BF0E328185244360048D32D /* BorrarRojo.png */; };
		8BF0E32B185246BD0048D32D /* SwipCellFavorite.png in Resources */ = {isa = PBXBuildFile; fileRef = 8BF0E32A185246BD0048D32D /* SwipCellFavorite.png */; };
		8BF0E32D1852471A0048D32D /* SwipCellShare.png in Resources */ = {isa = PBXBuildFile; fileRef = 8BF0E32C1852471A0048D32D /* SwipCellShare.png */; };
		8BFFF27D183FA82000009526 /* PopUpView.m in Sources */ = {isa = PBXBuildFile; fileRef = 8BFFF27C183FA82000009526 /* PopUpView.m */; };
		A08A39261853DC3600E2A6C8 /* GoogleMaps.framework in Frameworks */ = {isa = PBXBuildFile; fileRef = 8BBDE6A11846412B00BEAD74 /* GoogleMaps.framework */; };
		A08A39281853DC9200E2A6C8 /* GoogleMaps.bundle in Resources */ = {isa = PBXBuildFile; fileRef = A08A39271853DC9200E2A6C8 /* GoogleMaps.bundle */; };
		A08A392A1853F3ED00E2A6C8 /* BotonTodosLosSitios.png in Resources */ = {isa = PBXBuildFile; fileRef = A08A39291853F3ED00E2A6C8 /* BotonTodosLosSitios.png */; };
		A08A392C1853FBAC00E2A6C8 /* FondoBarraBusqueda.png in Resources */ = {isa = PBXBuildFile; fileRef = A08A392B1853FBAC00E2A6C8 /* FondoBarraBusqueda.png */; };
		A08E87791855106B00C5E960 /* LoadingiPad.png in Resources */ = {isa = PBXBuildFile; fileRef = A08E87781855106B00C5E960 /* LoadingiPad.png */; };
/* End PBXBuildFile section */

/* Begin PBXContainerItemProxy section */
		75EE5573183BBFE900C52654 /* PBXContainerItemProxy */ = {
			isa = PBXContainerItemProxy;
			containerPortal = 75EE5542183BBFE900C52654 /* Project object */;
			proxyType = 1;
			remoteGlobalIDString = 75EE5549183BBFE900C52654;
			remoteInfo = EventosCaracol;
		};
/* End PBXContainerItemProxy section */

/* Begin PBXFileReference section */
		75EE554A183BBFE900C52654 /* EventosCaracol.app */ = {isa = PBXFileReference; explicitFileType = wrapper.application; includeInIndex = 0; path = EventosCaracol.app; sourceTree = BUILT_PRODUCTS_DIR; };
		75EE554D183BBFE900C52654 /* Foundation.framework */ = {isa = PBXFileReference; lastKnownFileType = wrapper.framework; name = Foundation.framework; path = System/Library/Frameworks/Foundation.framework; sourceTree = SDKROOT; };
		75EE554F183BBFE900C52654 /* CoreGraphics.framework */ = {isa = PBXFileReference; lastKnownFileType = wrapper.framework; name = CoreGraphics.framework; path = System/Library/Frameworks/CoreGraphics.framework; sourceTree = SDKROOT; };
		75EE5551183BBFE900C52654 /* UIKit.framework */ = {isa = PBXFileReference; lastKnownFileType = wrapper.framework; name = UIKit.framework; path = System/Library/Frameworks/UIKit.framework; sourceTree = SDKROOT; };
		75EE5555183BBFE900C52654 /* EventosCaracol-Info.plist */ = {isa = PBXFileReference; lastKnownFileType = text.plist.xml; path = "EventosCaracol-Info.plist"; sourceTree = "<group>"; };
		75EE5557183BBFE900C52654 /* en */ = {isa = PBXFileReference; lastKnownFileType = text.plist.strings; name = en; path = en.lproj/InfoPlist.strings; sourceTree = "<group>"; };
		75EE5559183BBFE900C52654 /* main.m */ = {isa = PBXFileReference; lastKnownFileType = sourcecode.c.objc; path = main.m; sourceTree = "<group>"; };
		75EE555B183BBFE900C52654 /* EventosCaracol-Prefix.pch */ = {isa = PBXFileReference; lastKnownFileType = sourcecode.c.h; path = "EventosCaracol-Prefix.pch"; sourceTree = "<group>"; };
		75EE555C183BBFE900C52654 /* AppDelegate.h */ = {isa = PBXFileReference; lastKnownFileType = sourcecode.c.h; path = AppDelegate.h; sourceTree = "<group>"; };
		75EE555D183BBFE900C52654 /* AppDelegate.m */ = {isa = PBXFileReference; lastKnownFileType = sourcecode.c.objc; path = AppDelegate.m; sourceTree = "<group>"; };
		75EE5560183BBFE900C52654 /* Base */ = {isa = PBXFileReference; lastKnownFileType = file.storyboard; name = Base; path = Base.lproj/Main_iPhone.storyboard; sourceTree = "<group>"; };
		75EE5563183BBFE900C52654 /* Base */ = {isa = PBXFileReference; lastKnownFileType = file.storyboard; name = Base; path = Base.lproj/Main_iPad.storyboard; sourceTree = "<group>"; };
		75EE5568183BBFE900C52654 /* Images.xcassets */ = {isa = PBXFileReference; lastKnownFileType = folder.assetcatalog; path = Images.xcassets; sourceTree = "<group>"; };
		75EE556E183BBFE900C52654 /* EventosCaracolTests.xctest */ = {isa = PBXFileReference; explicitFileType = wrapper.cfbundle; includeInIndex = 0; path = EventosCaracolTests.xctest; sourceTree = BUILT_PRODUCTS_DIR; };
		75EE556F183BBFE900C52654 /* XCTest.framework */ = {isa = PBXFileReference; lastKnownFileType = wrapper.framework; name = XCTest.framework; path = Library/Frameworks/XCTest.framework; sourceTree = DEVELOPER_DIR; };
		75EE5577183BBFE900C52654 /* EventosCaracolTests-Info.plist */ = {isa = PBXFileReference; lastKnownFileType = text.plist.xml; path = "EventosCaracolTests-Info.plist"; sourceTree = "<group>"; };
		75EE5579183BBFE900C52654 /* en */ = {isa = PBXFileReference; lastKnownFileType = text.plist.strings; name = en; path = en.lproj/InfoPlist.strings; sourceTree = "<group>"; };
		75EE557B183BBFE900C52654 /* EventosCaracolTests.m */ = {isa = PBXFileReference; lastKnownFileType = sourcecode.c.objc; path = EventosCaracolTests.m; sourceTree = "<group>"; };
		75EE5585183BC45300C52654 /* ServerCommunicator.h */ = {isa = PBXFileReference; fileEncoding = 4; lastKnownFileType = sourcecode.c.h; path = ServerCommunicator.h; sourceTree = "<group>"; };
		75EE5586183BC45300C52654 /* ServerCommunicator.m */ = {isa = PBXFileReference; fileEncoding = 4; lastKnownFileType = sourcecode.c.objc; path = ServerCommunicator.m; sourceTree = "<group>"; };
		75EE5587183BC45300C52654 /* FileSaver.h */ = {isa = PBXFileReference; fileEncoding = 4; lastKnownFileType = sourcecode.c.h; path = FileSaver.h; sourceTree = "<group>"; };
		75EE5588183BC45300C52654 /* FileSaver.m */ = {isa = PBXFileReference; fileEncoding = 4; lastKnownFileType = sourcecode.c.objc; path = FileSaver.m; sourceTree = "<group>"; };
		8B1ED2511844E30E00312DCE /* MenuTableViewCell.h */ = {isa = PBXFileReference; fileEncoding = 4; lastKnownFileType = sourcecode.c.h; path = MenuTableViewCell.h; sourceTree = "<group>"; };
		8B1ED2521844E30E00312DCE /* MenuTableViewCell.m */ = {isa = PBXFileReference; fileEncoding = 4; lastKnownFileType = sourcecode.c.objc; path = MenuTableViewCell.m; sourceTree = "<group>"; };
		8B1ED254184544DB00312DCE /* FAQViewController.h */ = {isa = PBXFileReference; fileEncoding = 4; lastKnownFileType = sourcecode.c.h; path = FAQViewController.h; sourceTree = "<group>"; };
		8B1ED255184544DB00312DCE /* FAQViewController.m */ = {isa = PBXFileReference; fileEncoding = 4; lastKnownFileType = sourcecode.c.objc; path = FAQViewController.m; sourceTree = "<group>"; };
		8B1ED2571845482E00312DCE /* IconoPrueba.png */ = {isa = PBXFileReference; lastKnownFileType = image.png; name = IconoPrueba.png; path = Resources/Images/IconoPrueba.png; sourceTree = "<group>"; };
		8B1ED25918454F4D00312DCE /* SDWebImage.framework */ = {isa = PBXFileReference; lastKnownFileType = wrapper.framework; path = SDWebImage.framework; sourceTree = "<group>"; };
		8B1ED25B18454F7100312DCE /* ImageIO.framework */ = {isa = PBXFileReference; lastKnownFileType = wrapper.framework; name = ImageIO.framework; path = System/Library/Frameworks/ImageIO.framework; sourceTree = SDKROOT; };
		8B2D002F183D1BBB0007D502 /* ListViewController.h */ = {isa = PBXFileReference; fileEncoding = 4; lastKnownFileType = sourcecode.c.h; path = ListViewController.h; sourceTree = "<group>"; };
		8B2D0030183D1BBB0007D502 /* ListViewController.m */ = {isa = PBXFileReference; fileEncoding = 4; lastKnownFileType = sourcecode.c.objc; path = ListViewController.m; sourceTree = "<group>"; };
		8B2D0032183D1D700007D502 /* SWTableViewCell.h */ = {isa = PBXFileReference; fileEncoding = 4; lastKnownFileType = sourcecode.c.h; path = SWTableViewCell.h; sourceTree = "<group>"; };
		8B2D0033183D1D700007D502 /* SWTableViewCell.m */ = {isa = PBXFileReference; fileEncoding = 4; lastKnownFileType = sourcecode.c.objc; path = SWTableViewCell.m; sourceTree = "<group>"; };
		8B2D0035183D2A490007D502 /* Atom.h */ = {isa = PBXFileReference; fileEncoding = 4; lastKnownFileType = sourcecode.c.h; path = Atom.h; sourceTree = "<group>"; };
		8B2D0036183D2A490007D502 /* Atom.m */ = {isa = PBXFileReference; fileEncoding = 4; lastKnownFileType = sourcecode.c.objc; path = Atom.m; sourceTree = "<group>"; };
		8B2D0038183D2EF30007D502 /* Location.h */ = {isa = PBXFileReference; fileEncoding = 4; lastKnownFileType = sourcecode.c.h; path = Location.h; sourceTree = "<group>"; };
		8B2D0039183D2EF30007D502 /* Location.m */ = {isa = PBXFileReference; fileEncoding = 4; lastKnownFileType = sourcecode.c.objc; path = Location.m; sourceTree = "<group>"; };
		8B2D003E183D447C0007D502 /* Social.framework */ = {isa = PBXFileReference; lastKnownFileType = wrapper.framework; name = Social.framework; path = System/Library/Frameworks/Social.framework; sourceTree = SDKROOT; };
		8B2D0040183D44A90007D502 /* MessageUI.framework */ = {isa = PBXFileReference; lastKnownFileType = wrapper.framework; name = MessageUI.framework; path = System/Library/Frameworks/MessageUI.framework; sourceTree = SDKROOT; };
		8B2D0042183D64920007D502 /* DetailsViewController.h */ = {isa = PBXFileReference; fileEncoding = 4; lastKnownFileType = sourcecode.c.h; path = DetailsViewController.h; sourceTree = "<group>"; };
		8B2D0043183D64920007D502 /* DetailsViewController.m */ = {isa = PBXFileReference; fileEncoding = 4; lastKnownFileType = sourcecode.c.objc; path = DetailsViewController.m; sourceTree = "<group>"; };
		8B3BC98518526D9300CAD92E /* Loading.png */ = {isa = PBXFileReference; lastKnownFileType = image.png; name = Loading.png; path = Resources/Images/Loading.png; sourceTree = "<group>"; };
		8B3BC987185278D300CAD92E /* SidebarIcon.png */ = {isa = PBXFileReference; lastKnownFileType = image.png; name = SidebarIcon.png; path = Resources/Images/SidebarIcon.png; sourceTree = "<group>"; };
		8B3BC98918527AEF00CAD92E /* ShareIcon.png */ = {isa = PBXFileReference; lastKnownFileType = image.png; name = ShareIcon.png; path = Resources/Images/ShareIcon.png; sourceTree = "<group>"; };
		8B3BC98B185282E100CAD92E /* FondoMenu.png */ = {isa = PBXFileReference; lastKnownFileType = image.png; name = FondoMenu.png; path = Resources/Images/FondoMenu.png; sourceTree = "<group>"; };
		8B3BC98D18528A0000CAD92E /* CorazonApagado.png */ = {isa = PBXFileReference; lastKnownFileType = image.png; name = CorazonApagado.png; path = Resources/Images/CorazonApagado.png; sourceTree = "<group>"; };
		8B3BC98E18528A0000CAD92E /* CorazonPrendido.png */ = {isa = PBXFileReference; lastKnownFileType = image.png; name = CorazonPrendido.png; path = Resources/Images/CorazonPrendido.png; sourceTree = "<group>"; };
		8B8BFC8C183BFE5A003552EC /* FacebookSDK.framework */ = {isa = PBXFileReference; lastKnownFileType = wrapper.framework; path = FacebookSDK.framework; sourceTree = "<group>"; };
		8BA11EBD183BDAA0003616AB /* LoadingViewController.h */ = {isa = PBXFileReference; fileEncoding = 4; lastKnownFileType = sourcecode.c.h; path = LoadingViewController.h; sourceTree = "<group>"; };
		8BA11EBE183BDAA0003616AB /* LoadingViewController.m */ = {isa = PBXFileReference; fileEncoding = 4; lastKnownFileType = sourcecode.c.objc; path = LoadingViewController.m; sourceTree = "<group>"; };
		8BA11EC0183BDB5D003616AB /* LoginViewController.h */ = {isa = PBXFileReference; fileEncoding = 4; lastKnownFileType = sourcecode.c.h; path = LoginViewController.h; sourceTree = "<group>"; };
		8BA11EC1183BDB5D003616AB /* LoginViewController.m */ = {isa = PBXFileReference; fileEncoding = 4; lastKnownFileType = sourcecode.c.objc; path = LoginViewController.m; sourceTree = "<group>"; };
		8BA59697185128C400B6E7D0 /* WebViewController.h */ = {isa = PBXFileReference; fileEncoding = 4; lastKnownFileType = sourcecode.c.h; path = WebViewController.h; sourceTree = "<group>"; };
		8BA59698185128C400B6E7D0 /* WebViewController.m */ = {isa = PBXFileReference; fileEncoding = 4; lastKnownFileType = sourcecode.c.objc; path = WebViewController.m; sourceTree = "<group>"; };
		8BA9C3AF1843A20100876AA5 /* SWRevealViewController.h */ = {isa = PBXFileReference; fileEncoding = 4; lastKnownFileType = sourcecode.c.h; path = SWRevealViewController.h; sourceTree = "<group>"; };
		8BA9C3B01843A20100876AA5 /* SWRevealViewController.m */ = {isa = PBXFileReference; fileEncoding = 4; lastKnownFileType = sourcecode.c.objc; path = SWRevealViewController.m; sourceTree = "<group>"; };
		8BA9C3B31843A60700876AA5 /* SidebarViewController.h */ = {isa = PBXFileReference; fileEncoding = 4; lastKnownFileType = sourcecode.c.h; path = SidebarViewController.h; sourceTree = "<group>"; };
		8BA9C3B41843A60700876AA5 /* SidebarViewController.m */ = {isa = PBXFileReference; fileEncoding = 4; lastKnownFileType = sourcecode.c.objc; path = SidebarViewController.m; sourceTree = "<group>"; };
		8BB37E051848FA6C00274848 /* TutorialViewController.h */ = {isa = PBXFileReference; fileEncoding = 4; lastKnownFileType = sourcecode.c.h; path = TutorialViewController.h; sourceTree = "<group>"; };
		8BB37E061848FA6C00274848 /* TutorialViewController.m */ = {isa = PBXFileReference; fileEncoding = 4; lastKnownFileType = sourcecode.c.objc; path = TutorialViewController.m; sourceTree = "<group>"; };
		8BB37E081848FA9700274848 /* CaracolPrueba.jpg */ = {isa = PBXFileReference; lastKnownFileType = image.jpeg; name = CaracolPrueba.jpg; path = Resources/Images/CaracolPrueba.jpg; sourceTree = "<group>"; };
		8BB37E4E18492FBC00274848 /* CaracolPrueba2.jpg */ = {isa = PBXFileReference; lastKnownFileType = image.jpeg; name = CaracolPrueba2.jpg; path = Resources/Images/CaracolPrueba2.jpg; sourceTree = "<group>"; };
		8BB37E501849332200274848 /* CaracolPrueba3.png */ = {isa = PBXFileReference; lastKnownFileType = image.png; name = CaracolPrueba3.png; path = Resources/Images/CaracolPrueba3.png; sourceTree = "<group>"; };
		8BB37E521849357900274848 /* CaracolPrueba4.png */ = {isa = PBXFileReference; lastKnownFileType = image.png; name = CaracolPrueba4.png; path = Resources/Images/CaracolPrueba4.png; sourceTree = "<group>"; };
		8BB464CF1847F5CB0000A7FE /* BorrarPrueba.png */ = {isa = PBXFileReference; lastKnownFileType = image.png; name = BorrarPrueba.png; path = Resources/Images/BorrarPrueba.png; sourceTree = "<group>"; };
		8BBDE6A11846412B00BEAD74 /* GoogleMaps.framework */ = {isa = PBXFileReference; lastKnownFileType = wrapper.framework; path = GoogleMaps.framework; sourceTree = "<group>"; };
		8BBDE6A51846415F00BEAD74 /* AVFoundation.framework */ = {isa = PBXFileReference; lastKnownFileType = wrapper.framework; name = AVFoundation.framework; path = System/Library/Frameworks/AVFoundation.framework; sourceTree = SDKROOT; };
		8BBDE6A71846416300BEAD74 /* CoreData.framework */ = {isa = PBXFileReference; lastKnownFileType = wrapper.framework; name = CoreData.framework; path = System/Library/Frameworks/CoreData.framework; sourceTree = SDKROOT; };
		8BBDE6A91846416800BEAD74 /* CoreLocation.framework */ = {isa = PBXFileReference; lastKnownFileType = wrapper.framework; name = CoreLocation.framework; path = System/Library/Frameworks/CoreLocation.framework; sourceTree = SDKROOT; };
		8BBDE6AB1846417500BEAD74 /* CoreText.framework */ = {isa = PBXFileReference; lastKnownFileType = wrapper.framework; name = CoreText.framework; path = System/Library/Frameworks/CoreText.framework; sourceTree = SDKROOT; };
		8BBDE6AD1846417900BEAD74 /* GLKit.framework */ = {isa = PBXFileReference; lastKnownFileType = wrapper.framework; name = GLKit.framework; path = System/Library/Frameworks/GLKit.framework; sourceTree = SDKROOT; };
		8BBDE6AF1846419000BEAD74 /* libc++.dylib */ = {isa = PBXFileReference; lastKnownFileType = "compiled.mach-o.dylib"; name = "libc++.dylib"; path = "usr/lib/libc++.dylib"; sourceTree = SDKROOT; };
		8BBDE6B11846419700BEAD74 /* libicucore.dylib */ = {isa = PBXFileReference; lastKnownFileType = "compiled.mach-o.dylib"; name = libicucore.dylib; path = usr/lib/libicucore.dylib; sourceTree = SDKROOT; };
		8BBDE6B3184641A200BEAD74 /* libz.dylib */ = {isa = PBXFileReference; lastKnownFileType = "compiled.mach-o.dylib"; name = libz.dylib; path = usr/lib/libz.dylib; sourceTree = SDKROOT; };
		8BBDE6B5184641A700BEAD74 /* OpenGLES.framework */ = {isa = PBXFileReference; lastKnownFileType = wrapper.framework; name = OpenGLES.framework; path = System/Library/Frameworks/OpenGLES.framework; sourceTree = SDKROOT; };
		8BBDE6B7184641AB00BEAD74 /* QuartzCore.framework */ = {isa = PBXFileReference; lastKnownFileType = wrapper.framework; name = QuartzCore.framework; path = System/Library/Frameworks/QuartzCore.framework; sourceTree = SDKROOT; };
		8BBDE6B9184641B100BEAD74 /* SystemConfiguration.framework */ = {isa = PBXFileReference; lastKnownFileType = wrapper.framework; name = SystemConfiguration.framework; path = System/Library/Frameworks/SystemConfiguration.framework; sourceTree = SDKROOT; };
		8BBDE6BB1846422100BEAD74 /* MapViewController.h */ = {isa = PBXFileReference; fileEncoding = 4; lastKnownFileType = sourcecode.c.h; path = MapViewController.h; sourceTree = "<group>"; };
		8BBDE6BC1846422100BEAD74 /* MapViewController.m */ = {isa = PBXFileReference; fileEncoding = 4; lastKnownFileType = sourcecode.c.objc; path = MapViewController.m; sourceTree = "<group>"; };
		8BBE121D184CDFAA00D90BE5 /* NSString+Trim.h */ = {isa = PBXFileReference; fileEncoding = 4; lastKnownFileType = sourcecode.c.h; path = "NSString+Trim.h"; sourceTree = "<group>"; };
		8BBE121E184CDFAA00D90BE5 /* NSString+Trim.m */ = {isa = PBXFileReference; fileEncoding = 4; lastKnownFileType = sourcecode.c.objc; path = "NSString+Trim.m"; sourceTree = "<group>"; };
		8BBE121F184CDFAA00D90BE5 /* UIFont+Alert.h */ = {isa = PBXFileReference; fileEncoding = 4; lastKnownFileType = sourcecode.c.h; path = "UIFont+Alert.h"; sourceTree = "<group>"; };
		8BBE1220184CDFAA00D90BE5 /* UIFont+Alert.m */ = {isa = PBXFileReference; fileEncoding = 4; lastKnownFileType = sourcecode.c.objc; path = "UIFont+Alert.m"; sourceTree = "<group>"; };
		8BBE1221184CDFAA00D90BE5 /* UIView+Alert.h */ = {isa = PBXFileReference; fileEncoding = 4; lastKnownFileType = sourcecode.c.h; path = "UIView+Alert.h"; sourceTree = "<group>"; };
		8BBE1222184CDFAA00D90BE5 /* UIView+Alert.m */ = {isa = PBXFileReference; fileEncoding = 4; lastKnownFileType = sourcecode.c.objc; path = "UIView+Alert.m"; sourceTree = "<group>"; };
		8BBE1224184CDFAA00D90BE5 /* MBAlertView.h */ = {isa = PBXFileReference; fileEncoding = 4; lastKnownFileType = sourcecode.c.h; path = MBAlertView.h; sourceTree = "<group>"; };
		8BBE1225184CDFAA00D90BE5 /* MBAlertView.m */ = {isa = PBXFileReference; fileEncoding = 4; lastKnownFileType = sourcecode.c.objc; path = MBAlertView.m; sourceTree = "<group>"; };
		8BBE1226184CDFAA00D90BE5 /* MBAlertViewButton.h */ = {isa = PBXFileReference; fileEncoding = 4; lastKnownFileType = sourcecode.c.h; path = MBAlertViewButton.h; sourceTree = "<group>"; };
		8BBE1227184CDFAA00D90BE5 /* MBAlertViewButton.m */ = {isa = PBXFileReference; fileEncoding = 4; lastKnownFileType = sourcecode.c.objc; path = MBAlertViewButton.m; sourceTree = "<group>"; };
		8BBE1228184CDFAA00D90BE5 /* MBAlertViewItem.h */ = {isa = PBXFileReference; fileEncoding = 4; lastKnownFileType = sourcecode.c.h; path = MBAlertViewItem.h; sourceTree = "<group>"; };
		8BBE1229184CDFAA00D90BE5 /* MBAlertViewItem.m */ = {isa = PBXFileReference; fileEncoding = 4; lastKnownFileType = sourcecode.c.objc; path = MBAlertViewItem.m; sourceTree = "<group>"; };
		8BBE122C184CDFAA00D90BE5 /* AutoLayoutHelpers.h */ = {isa = PBXFileReference; fileEncoding = 4; lastKnownFileType = sourcecode.c.h; path = AutoLayoutHelpers.h; sourceTree = "<group>"; };
		8BBE122D184CDFAA00D90BE5 /* AutoLayoutHelpers.m */ = {isa = PBXFileReference; fileEncoding = 4; lastKnownFileType = sourcecode.c.objc; path = AutoLayoutHelpers.m; sourceTree = "<group>"; };
		8BBE122E184CDFAA00D90BE5 /* UIView+Autolayout.h */ = {isa = PBXFileReference; fileEncoding = 4; lastKnownFileType = sourcecode.c.h; path = "UIView+Autolayout.h"; sourceTree = "<group>"; };
		8BBE122F184CDFAA00D90BE5 /* UIView+Autolayout.m */ = {isa = PBXFileReference; fileEncoding = 4; lastKnownFileType = sourcecode.c.objc; path = "UIView+Autolayout.m"; sourceTree = "<group>"; };
		8BBE1230184CDFAA00D90BE5 /* MBFlatAlertAbstract.h */ = {isa = PBXFileReference; fileEncoding = 4; lastKnownFileType = sourcecode.c.h; path = MBFlatAlertAbstract.h; sourceTree = "<group>"; };
		8BBE1231184CDFAA00D90BE5 /* MBFlatAlertAbstract.m */ = {isa = PBXFileReference; fileEncoding = 4; lastKnownFileType = sourcecode.c.objc; path = MBFlatAlertAbstract.m; sourceTree = "<group>"; };
		8BBE1232184CDFAA00D90BE5 /* MBFlatAlertButton.h */ = {isa = PBXFileReference; fileEncoding = 4; lastKnownFileType = sourcecode.c.h; path = MBFlatAlertButton.h; sourceTree = "<group>"; };
		8BBE1233184CDFAA00D90BE5 /* MBFlatAlertButton.m */ = {isa = PBXFileReference; fileEncoding = 4; lastKnownFileType = sourcecode.c.objc; path = MBFlatAlertButton.m; sourceTree = "<group>"; };
		8BBE1234184CDFAA00D90BE5 /* MBFlatAlertView.h */ = {isa = PBXFileReference; fileEncoding = 4; lastKnownFileType = sourcecode.c.h; path = MBFlatAlertView.h; sourceTree = "<group>"; };
		8BBE1235184CDFAA00D90BE5 /* MBFlatAlertView.m */ = {isa = PBXFileReference; fileEncoding = 4; lastKnownFileType = sourcecode.c.objc; path = MBFlatAlertView.m; sourceTree = "<group>"; };
		8BBE1237184CDFAA00D90BE5 /* MBCheckMarkView.h */ = {isa = PBXFileReference; fileEncoding = 4; lastKnownFileType = sourcecode.c.h; path = MBCheckMarkView.h; sourceTree = "<group>"; };
		8BBE1238184CDFAA00D90BE5 /* MBCheckMarkView.m */ = {isa = PBXFileReference; fileEncoding = 4; lastKnownFileType = sourcecode.c.objc; path = MBCheckMarkView.m; sourceTree = "<group>"; };
		8BBE1239184CDFAA00D90BE5 /* MBHUDView.h */ = {isa = PBXFileReference; fileEncoding = 4; lastKnownFileType = sourcecode.c.h; path = MBHUDView.h; sourceTree = "<group>"; };
		8BBE123A184CDFAA00D90BE5 /* MBHUDView.m */ = {isa = PBXFileReference; fileEncoding = 4; lastKnownFileType = sourcecode.c.objc; path = MBHUDView.m; sourceTree = "<group>"; };
		8BBE123B184CDFAA00D90BE5 /* MBSpinningCircle.h */ = {isa = PBXFileReference; fileEncoding = 4; lastKnownFileType = sourcecode.c.h; path = MBSpinningCircle.h; sourceTree = "<group>"; };
		8BBE123C184CDFAA00D90BE5 /* MBSpinningCircle.m */ = {isa = PBXFileReference; fileEncoding = 4; lastKnownFileType = sourcecode.c.objc; path = MBSpinningCircle.m; sourceTree = "<group>"; };
		8BBE123D184CDFAA00D90BE5 /* MBAlertAbstract.h */ = {isa = PBXFileReference; fileEncoding = 4; lastKnownFileType = sourcecode.c.h; path = MBAlertAbstract.h; sourceTree = "<group>"; };
		8BBE123E184CDFAA00D90BE5 /* MBAlertAbstract.m */ = {isa = PBXFileReference; fileEncoding = 4; lastKnownFileType = sourcecode.c.objc; path = MBAlertAbstract.m; sourceTree = "<group>"; };
		8BBE1240184CDFAA00D90BE5 /* MBAlertViewSubclass.h */ = {isa = PBXFileReference; fileEncoding = 4; lastKnownFileType = sourcecode.c.h; path = MBAlertViewSubclass.h; sourceTree = "<group>"; };
		8BBE1250184CE97A00D90BE5 /* CarnavalPrueba.jpg */ = {isa = PBXFileReference; lastKnownFileType = image.jpeg; name = CarnavalPrueba.jpg; path = Resources/Images/CarnavalPrueba.jpg; sourceTree = "<group>"; };
		8BBE1295184D309900D90BE5 /* updateArrow.png */ = {isa = PBXFileReference; lastKnownFileType = image.png; name = updateArrow.png; path = Resources/Images/updateArrow.png; sourceTree = "<group>"; };
		8BCD7D3B183FB20500849D8A /* CorazonPrueba.png */ = {isa = PBXFileReference; lastKnownFileType = image.png; name = CorazonPrueba.png; path = Resources/Images/CorazonPrueba.png; sourceTree = "<group>"; };
		8BCD7D3E183FB8DC00849D8A /* DestacadosViewController.h */ = {isa = PBXFileReference; fileEncoding = 4; lastKnownFileType = sourcecode.c.h; path = DestacadosViewController.h; sourceTree = "<group>"; };
		8BCD7D3F183FB8DC00849D8A /* DestacadosViewController.m */ = {isa = PBXFileReference; fileEncoding = 4; lastKnownFileType = sourcecode.c.objc; path = DestacadosViewController.m; sourceTree = "<group>"; };
		8BD09F58184F81E900BA45FC /* CorazonGris.png */ = {isa = PBXFileReference; lastKnownFileType = image.png; name = CorazonGris.png; path = Resources/Images/CorazonGris.png; sourceTree = "<group>"; };
		8BD09F5A184F846300BA45FC /* BorrarGris.png */ = {isa = PBXFileReference; lastKnownFileType = image.png; name = BorrarGris.png; path = Resources/Images/BorrarGris.png; sourceTree = "<group>"; };
		8BEFF81C183FEEE1004A5C6E /* DestacadosCollectionViewCell.h */ = {isa = PBXFileReference; fileEncoding = 4; lastKnownFileType = sourcecode.c.h; path = DestacadosCollectionViewCell.h; sourceTree = "<group>"; };
		8BEFF81D183FEEE1004A5C6E /* DestacadosCollectionViewCell.m */ = {isa = PBXFileReference; fileEncoding = 4; lastKnownFileType = sourcecode.c.objc; path = DestacadosCollectionViewCell.m; sourceTree = "<group>"; };
		8BF0E326185242580048D32D /* CorazonRojo.png */ = {isa = PBXFileReference; lastKnownFileType = image.png; name = CorazonRojo.png; path = Resources/Images/CorazonRojo.png; sourceTree = "<group>"; };
		8BF0E328185244360048D32D /* BorrarRojo.png */ = {isa = PBXFileReference; lastKnownFileType = image.png; name = BorrarRojo.png; path = Resources/Images/BorrarRojo.png; sourceTree = "<group>"; };
		8BF0E32A185246BD0048D32D /* SwipCellFavorite.png */ = {isa = PBXFileReference; lastKnownFileType = image.png; name = SwipCellFavorite.png; path = Resources/Images/SwipCellFavorite.png; sourceTree = "<group>"; };
		8BF0E32C1852471A0048D32D /* SwipCellShare.png */ = {isa = PBXFileReference; lastKnownFileType = image.png; name = SwipCellShare.png; path = Resources/Images/SwipCellShare.png; sourceTree = "<group>"; };
		8BFFF27B183FA82000009526 /* PopUpView.h */ = {isa = PBXFileReference; fileEncoding = 4; lastKnownFileType = sourcecode.c.h; path = PopUpView.h; sourceTree = "<group>"; };
		8BFFF27C183FA82000009526 /* PopUpView.m */ = {isa = PBXFileReference; fileEncoding = 4; lastKnownFileType = sourcecode.c.objc; path = PopUpView.m; sourceTree = "<group>"; };
		A08A39271853DC9200E2A6C8 /* GoogleMaps.bundle */ = {isa = PBXFileReference; lastKnownFileType = "wrapper.plug-in"; name = GoogleMaps.bundle; path = GoogleMaps.framework/Versions/A/Resources/GoogleMaps.bundle; sourceTree = "<group>"; };
		A08A39291853F3ED00E2A6C8 /* BotonTodosLosSitios.png */ = {isa = PBXFileReference; lastKnownFileType = image.png; name = BotonTodosLosSitios.png; path = Resources/Images/BotonTodosLosSitios.png; sourceTree = "<group>"; };
		A08A392B1853FBAC00E2A6C8 /* FondoBarraBusqueda.png */ = {isa = PBXFileReference; lastKnownFileType = image.png; name = FondoBarraBusqueda.png; path = Resources/Images/FondoBarraBusqueda.png; sourceTree = "<group>"; };
		A08E87781855106B00C5E960 /* LoadingiPad.png */ = {isa = PBXFileReference; lastKnownFileType = image.png; name = LoadingiPad.png; path = Resources/Images/LoadingiPad.png; sourceTree = "<group>"; };
/* End PBXFileReference section */

/* Begin PBXFrameworksBuildPhase section */
		75EE5547183BBFE900C52654 /* Frameworks */ = {
			isa = PBXFrameworksBuildPhase;
			buildActionMask = 2147483647;
			files = (
				A08A39261853DC3600E2A6C8 /* GoogleMaps.framework in Frameworks */,
				8BBDE6BA184641B100BEAD74 /* SystemConfiguration.framework in Frameworks */,
				8BBDE6B8184641AB00BEAD74 /* QuartzCore.framework in Frameworks */,
				8BBDE6B6184641A700BEAD74 /* OpenGLES.framework in Frameworks */,
				8BBDE6B4184641A200BEAD74 /* libz.dylib in Frameworks */,
				8BBDE6B21846419700BEAD74 /* libicucore.dylib in Frameworks */,
				8BBDE6B01846419000BEAD74 /* libc++.dylib in Frameworks */,
				8BBDE6AE1846417900BEAD74 /* GLKit.framework in Frameworks */,
				8BBDE6AC1846417500BEAD74 /* CoreText.framework in Frameworks */,
				8BBDE6AA1846416800BEAD74 /* CoreLocation.framework in Frameworks */,
				8BBDE6A81846416300BEAD74 /* CoreData.framework in Frameworks */,
				8BBDE6A61846415F00BEAD74 /* AVFoundation.framework in Frameworks */,
				8B1ED25C18454F7100312DCE /* ImageIO.framework in Frameworks */,
				8B2D0041183D44A90007D502 /* MessageUI.framework in Frameworks */,
				8B2D003F183D447C0007D502 /* Social.framework in Frameworks */,
				75EE5550183BBFE900C52654 /* CoreGraphics.framework in Frameworks */,
				8B8BFC8D183BFE5A003552EC /* FacebookSDK.framework in Frameworks */,
				8B1ED25A18454F4D00312DCE /* SDWebImage.framework in Frameworks */,
				75EE5552183BBFE900C52654 /* UIKit.framework in Frameworks */,
				75EE554E183BBFE900C52654 /* Foundation.framework in Frameworks */,
			);
			runOnlyForDeploymentPostprocessing = 0;
		};
		75EE556B183BBFE900C52654 /* Frameworks */ = {
			isa = PBXFrameworksBuildPhase;
			buildActionMask = 2147483647;
			files = (
				75EE5570183BBFE900C52654 /* XCTest.framework in Frameworks */,
				75EE5572183BBFE900C52654 /* UIKit.framework in Frameworks */,
				75EE5571183BBFE900C52654 /* Foundation.framework in Frameworks */,
			);
			runOnlyForDeploymentPostprocessing = 0;
		};
/* End PBXFrameworksBuildPhase section */

/* Begin PBXGroup section */
		75EE5541183BBFE900C52654 = {
			isa = PBXGroup;
			children = (
				75EE5553183BBFE900C52654 /* EventosCaracol */,
				75EE5575183BBFE900C52654 /* EventosCaracolTests */,
				75EE554C183BBFE900C52654 /* Frameworks */,
				75EE554B183BBFE900C52654 /* Products */,
			);
			sourceTree = "<group>";
		};
		75EE554B183BBFE900C52654 /* Products */ = {
			isa = PBXGroup;
			children = (
				75EE554A183BBFE900C52654 /* EventosCaracol.app */,
				75EE556E183BBFE900C52654 /* EventosCaracolTests.xctest */,
			);
			name = Products;
			sourceTree = "<group>";
		};
		75EE554C183BBFE900C52654 /* Frameworks */ = {
			isa = PBXGroup;
			children = (
				8BBDE6B9184641B100BEAD74 /* SystemConfiguration.framework */,
				8BBDE6B7184641AB00BEAD74 /* QuartzCore.framework */,
				8BBDE6B5184641A700BEAD74 /* OpenGLES.framework */,
				8BBDE6B3184641A200BEAD74 /* libz.dylib */,
				8BBDE6B11846419700BEAD74 /* libicucore.dylib */,
				A08A39271853DC9200E2A6C8 /* GoogleMaps.bundle */,
				8BBDE6AF1846419000BEAD74 /* libc++.dylib */,
				8BBDE6AD1846417900BEAD74 /* GLKit.framework */,
				8BBDE6AB1846417500BEAD74 /* CoreText.framework */,
				8BBDE6A91846416800BEAD74 /* CoreLocation.framework */,
				8BBDE6A71846416300BEAD74 /* CoreData.framework */,
				8BBDE6A51846415F00BEAD74 /* AVFoundation.framework */,
				8BBDE6A11846412B00BEAD74 /* GoogleMaps.framework */,
				8B1ED25B18454F7100312DCE /* ImageIO.framework */,
				8B1ED25918454F4D00312DCE /* SDWebImage.framework */,
				8B2D0040183D44A90007D502 /* MessageUI.framework */,
				8B2D003E183D447C0007D502 /* Social.framework */,
				8B8BFC8C183BFE5A003552EC /* FacebookSDK.framework */,
				75EE554D183BBFE900C52654 /* Foundation.framework */,
				75EE554F183BBFE900C52654 /* CoreGraphics.framework */,
				75EE5551183BBFE900C52654 /* UIKit.framework */,
				75EE556F183BBFE900C52654 /* XCTest.framework */,
			);
			name = Frameworks;
			sourceTree = "<group>";
		};
		75EE5553183BBFE900C52654 /* EventosCaracol */ = {
			isa = PBXGroup;
			children = (
				8BBE121B184CDFAA00D90BE5 /* MBAlertView */,
				75EE555C183BBFE900C52654 /* AppDelegate.h */,
				75EE555D183BBFE900C52654 /* AppDelegate.m */,
				75EE555F183BBFE900C52654 /* Main_iPhone.storyboard */,
				75EE5562183BBFE900C52654 /* Main_iPad.storyboard */,
				8BA11EBD183BDAA0003616AB /* LoadingViewController.h */,
				8BA11EBE183BDAA0003616AB /* LoadingViewController.m */,
				8BA11EC0183BDB5D003616AB /* LoginViewController.h */,
				8BA11EC1183BDB5D003616AB /* LoginViewController.m */,
				8BB37E051848FA6C00274848 /* TutorialViewController.h */,
				8BB37E061848FA6C00274848 /* TutorialViewController.m */,
				8BCD7D3E183FB8DC00849D8A /* DestacadosViewController.h */,
				8BCD7D3F183FB8DC00849D8A /* DestacadosViewController.m */,
				8B2D002F183D1BBB0007D502 /* ListViewController.h */,
				8B2D0030183D1BBB0007D502 /* ListViewController.m */,
				8B2D0042183D64920007D502 /* DetailsViewController.h */,
				8B2D0043183D64920007D502 /* DetailsViewController.m */,
				8BA59697185128C400B6E7D0 /* WebViewController.h */,
				8BA59698185128C400B6E7D0 /* WebViewController.m */,
				8B1ED254184544DB00312DCE /* FAQViewController.h */,
				8B1ED255184544DB00312DCE /* FAQViewController.m */,
				8BBDE6BB1846422100BEAD74 /* MapViewController.h */,
				8BBDE6BC1846422100BEAD74 /* MapViewController.m */,
				8BA9C3B21843A20800876AA5 /* SlideMenu */,
				8BEFF81F18400A1A004A5C6E /* Custom Cells */,
				8BCD7D41183FB8ED00849D8A /* Views */,
				75EE558B183BC45B00C52654 /* ServerCommunicator */,
				75EE558C183BC46900C52654 /* Model */,
				75EE5568183BBFE900C52654 /* Images.xcassets */,
				75EE5554183BBFE900C52654 /* Supporting Files */,
			);
			path = EventosCaracol;
			sourceTree = "<group>";
		};
		75EE5554183BBFE900C52654 /* Supporting Files */ = {
			isa = PBXGroup;
			children = (
				8BCD7D3D183FB20D00849D8A /* Images */,
				75EE5555183BBFE900C52654 /* EventosCaracol-Info.plist */,
				75EE5556183BBFE900C52654 /* InfoPlist.strings */,
				75EE5559183BBFE900C52654 /* main.m */,
				75EE555B183BBFE900C52654 /* EventosCaracol-Prefix.pch */,
			);
			name = "Supporting Files";
			sourceTree = "<group>";
		};
		75EE5575183BBFE900C52654 /* EventosCaracolTests */ = {
			isa = PBXGroup;
			children = (
				75EE557B183BBFE900C52654 /* EventosCaracolTests.m */,
				75EE5576183BBFE900C52654 /* Supporting Files */,
			);
			path = EventosCaracolTests;
			sourceTree = "<group>";
		};
		75EE5576183BBFE900C52654 /* Supporting Files */ = {
			isa = PBXGroup;
			children = (
				75EE5577183BBFE900C52654 /* EventosCaracolTests-Info.plist */,
				75EE5578183BBFE900C52654 /* InfoPlist.strings */,
			);
			name = "Supporting Files";
			sourceTree = "<group>";
		};
		75EE558B183BC45B00C52654 /* ServerCommunicator */ = {
			isa = PBXGroup;
			children = (
				75EE5585183BC45300C52654 /* ServerCommunicator.h */,
				75EE5586183BC45300C52654 /* ServerCommunicator.m */,
			);
			name = ServerCommunicator;
			sourceTree = "<group>";
		};
		75EE558C183BC46900C52654 /* Model */ = {
			isa = PBXGroup;
			children = (
				75EE5587183BC45300C52654 /* FileSaver.h */,
				75EE5588183BC45300C52654 /* FileSaver.m */,
				8B2D0035183D2A490007D502 /* Atom.h */,
				8B2D0036183D2A490007D502 /* Atom.m */,
				8B2D0038183D2EF30007D502 /* Location.h */,
				8B2D0039183D2EF30007D502 /* Location.m */,
			);
			name = Model;
			sourceTree = "<group>";
		};
		8BA9C3B21843A20800876AA5 /* SlideMenu */ = {
			isa = PBXGroup;
			children = (
				8BA9C3AF1843A20100876AA5 /* SWRevealViewController.h */,
				8BA9C3B01843A20100876AA5 /* SWRevealViewController.m */,
				8BA9C3B31843A60700876AA5 /* SidebarViewController.h */,
				8BA9C3B41843A60700876AA5 /* SidebarViewController.m */,
			);
			name = SlideMenu;
			sourceTree = "<group>";
		};
		8BBE121B184CDFAA00D90BE5 /* MBAlertView */ = {
			isa = PBXGroup;
			children = (
				8BBE121C184CDFAA00D90BE5 /* Categories */,
				8BBE1223184CDFAA00D90BE5 /* Classic */,
				8BBE122A184CDFAA00D90BE5 /* Flat */,
				8BBE1236184CDFAA00D90BE5 /* HUD */,
				8BBE123D184CDFAA00D90BE5 /* MBAlertAbstract.h */,
				8BBE123E184CDFAA00D90BE5 /* MBAlertAbstract.m */,
				8BBE123F184CDFAA00D90BE5 /* Protected */,
			);
			path = MBAlertView;
			sourceTree = "<group>";
		};
		8BBE121C184CDFAA00D90BE5 /* Categories */ = {
			isa = PBXGroup;
			children = (
				8BBE121D184CDFAA00D90BE5 /* NSString+Trim.h */,
				8BBE121E184CDFAA00D90BE5 /* NSString+Trim.m */,
				8BBE121F184CDFAA00D90BE5 /* UIFont+Alert.h */,
				8BBE1220184CDFAA00D90BE5 /* UIFont+Alert.m */,
				8BBE1221184CDFAA00D90BE5 /* UIView+Alert.h */,
				8BBE1222184CDFAA00D90BE5 /* UIView+Alert.m */,
			);
			path = Categories;
			sourceTree = "<group>";
		};
		8BBE1223184CDFAA00D90BE5 /* Classic */ = {
			isa = PBXGroup;
			children = (
				8BBE1224184CDFAA00D90BE5 /* MBAlertView.h */,
				8BBE1225184CDFAA00D90BE5 /* MBAlertView.m */,
				8BBE1226184CDFAA00D90BE5 /* MBAlertViewButton.h */,
				8BBE1227184CDFAA00D90BE5 /* MBAlertViewButton.m */,
				8BBE1228184CDFAA00D90BE5 /* MBAlertViewItem.h */,
				8BBE1229184CDFAA00D90BE5 /* MBAlertViewItem.m */,
			);
			path = Classic;
			sourceTree = "<group>";
		};
		8BBE122A184CDFAA00D90BE5 /* Flat */ = {
			isa = PBXGroup;
			children = (
				8BBE122B184CDFAA00D90BE5 /* AutolayoutHelpers */,
				8BBE1230184CDFAA00D90BE5 /* MBFlatAlertAbstract.h */,
				8BBE1231184CDFAA00D90BE5 /* MBFlatAlertAbstract.m */,
				8BBE1232184CDFAA00D90BE5 /* MBFlatAlertButton.h */,
				8BBE1233184CDFAA00D90BE5 /* MBFlatAlertButton.m */,
				8BBE1234184CDFAA00D90BE5 /* MBFlatAlertView.h */,
				8BBE1235184CDFAA00D90BE5 /* MBFlatAlertView.m */,
			);
			path = Flat;
			sourceTree = "<group>";
		};
		8BBE122B184CDFAA00D90BE5 /* AutolayoutHelpers */ = {
			isa = PBXGroup;
			children = (
				8BBE122C184CDFAA00D90BE5 /* AutoLayoutHelpers.h */,
				8BBE122D184CDFAA00D90BE5 /* AutoLayoutHelpers.m */,
				8BBE122E184CDFAA00D90BE5 /* UIView+Autolayout.h */,
				8BBE122F184CDFAA00D90BE5 /* UIView+Autolayout.m */,
			);
			path = AutolayoutHelpers;
			sourceTree = "<group>";
		};
		8BBE1236184CDFAA00D90BE5 /* HUD */ = {
			isa = PBXGroup;
			children = (
				8BBE1237184CDFAA00D90BE5 /* MBCheckMarkView.h */,
				8BBE1238184CDFAA00D90BE5 /* MBCheckMarkView.m */,
				8BBE1239184CDFAA00D90BE5 /* MBHUDView.h */,
				8BBE123A184CDFAA00D90BE5 /* MBHUDView.m */,
				8BBE123B184CDFAA00D90BE5 /* MBSpinningCircle.h */,
				8BBE123C184CDFAA00D90BE5 /* MBSpinningCircle.m */,
			);
			path = HUD;
			sourceTree = "<group>";
		};
		8BBE123F184CDFAA00D90BE5 /* Protected */ = {
			isa = PBXGroup;
			children = (
				8BBE1240184CDFAA00D90BE5 /* MBAlertViewSubclass.h */,
			);
			path = Protected;
			sourceTree = "<group>";
		};
		8BCD7D3D183FB20D00849D8A /* Images */ = {
			isa = PBXGroup;
			children = (
				A08E87781855106B00C5E960 /* LoadingiPad.png */,
				A08A392B1853FBAC00E2A6C8 /* FondoBarraBusqueda.png */,
				A08A39291853F3ED00E2A6C8 /* BotonTodosLosSitios.png */,
				8B3BC98D18528A0000CAD92E /* CorazonApagado.png */,
				8B3BC98E18528A0000CAD92E /* CorazonPrendido.png */,
				8B3BC98B185282E100CAD92E /* FondoMenu.png */,
				8B3BC98918527AEF00CAD92E /* ShareIcon.png */,
				8B3BC987185278D300CAD92E /* SidebarIcon.png */,
				8B3BC98518526D9300CAD92E /* Loading.png */,
				8BF0E32C1852471A0048D32D /* SwipCellShare.png */,
				8BF0E32A185246BD0048D32D /* SwipCellFavorite.png */,
				8BF0E328185244360048D32D /* BorrarRojo.png */,
				8BF0E326185242580048D32D /* CorazonRojo.png */,
				8BD09F5A184F846300BA45FC /* BorrarGris.png */,
				8BD09F58184F81E900BA45FC /* CorazonGris.png */,
				8BBE1295184D309900D90BE5 /* updateArrow.png */,
				8BBE1250184CE97A00D90BE5 /* CarnavalPrueba.jpg */,
				8BB37E521849357900274848 /* CaracolPrueba4.png */,
				8BB37E501849332200274848 /* CaracolPrueba3.png */,
				8BB37E4E18492FBC00274848 /* CaracolPrueba2.jpg */,
				8BB37E081848FA9700274848 /* CaracolPrueba.jpg */,
				8BB464CF1847F5CB0000A7FE /* BorrarPrueba.png */,
				8B1ED2571845482E00312DCE /* IconoPrueba.png */,
				8BCD7D3B183FB20500849D8A /* CorazonPrueba.png */,
			);
			name = Images;
			sourceTree = "<group>";
		};
		8BCD7D41183FB8ED00849D8A /* Views */ = {
			isa = PBXGroup;
			children = (
				8BFFF27B183FA82000009526 /* PopUpView.h */,
				8BFFF27C183FA82000009526 /* PopUpView.m */,
			);
			name = Views;
			sourceTree = "<group>";
		};
		8BEFF81F18400A1A004A5C6E /* Custom Cells */ = {
			isa = PBXGroup;
			children = (
				8BEFF81C183FEEE1004A5C6E /* DestacadosCollectionViewCell.h */,
				8BEFF81D183FEEE1004A5C6E /* DestacadosCollectionViewCell.m */,
				8B2D0032183D1D700007D502 /* SWTableViewCell.h */,
				8B2D0033183D1D700007D502 /* SWTableViewCell.m */,
				8B1ED2511844E30E00312DCE /* MenuTableViewCell.h */,
				8B1ED2521844E30E00312DCE /* MenuTableViewCell.m */,
			);
			name = "Custom Cells";
			sourceTree = "<group>";
		};
/* End PBXGroup section */

/* Begin PBXNativeTarget section */
		75EE5549183BBFE900C52654 /* EventosCaracol */ = {
			isa = PBXNativeTarget;
			buildConfigurationList = 75EE557F183BBFE900C52654 /* Build configuration list for PBXNativeTarget "EventosCaracol" */;
			buildPhases = (
				75EE5546183BBFE900C52654 /* Sources */,
				75EE5547183BBFE900C52654 /* Frameworks */,
				75EE5548183BBFE900C52654 /* Resources */,
			);
			buildRules = (
			);
			dependencies = (
			);
			name = EventosCaracol;
			productName = EventosCaracol;
			productReference = 75EE554A183BBFE900C52654 /* EventosCaracol.app */;
			productType = "com.apple.product-type.application";
		};
		75EE556D183BBFE900C52654 /* EventosCaracolTests */ = {
			isa = PBXNativeTarget;
			buildConfigurationList = 75EE5582183BBFE900C52654 /* Build configuration list for PBXNativeTarget "EventosCaracolTests" */;
			buildPhases = (
				75EE556A183BBFE900C52654 /* Sources */,
				75EE556B183BBFE900C52654 /* Frameworks */,
				75EE556C183BBFE900C52654 /* Resources */,
			);
			buildRules = (
			);
			dependencies = (
				75EE5574183BBFE900C52654 /* PBXTargetDependency */,
			);
			name = EventosCaracolTests;
			productName = EventosCaracolTests;
			productReference = 75EE556E183BBFE900C52654 /* EventosCaracolTests.xctest */;
			productType = "com.apple.product-type.bundle.unit-test";
		};
/* End PBXNativeTarget section */

/* Begin PBXProject section */
		75EE5542183BBFE900C52654 /* Project object */ = {
			isa = PBXProject;
			attributes = {
				LastUpgradeCheck = 0500;
				ORGANIZATIONNAME = iAmStudio;
				TargetAttributes = {
					75EE556D183BBFE900C52654 = {
						TestTargetID = 75EE5549183BBFE900C52654;
					};
				};
			};
			buildConfigurationList = 75EE5545183BBFE900C52654 /* Build configuration list for PBXProject "EventosCaracol" */;
			compatibilityVersion = "Xcode 3.2";
			developmentRegion = English;
			hasScannedForEncodings = 0;
			knownRegions = (
				en,
				Base,
			);
			mainGroup = 75EE5541183BBFE900C52654;
			productRefGroup = 75EE554B183BBFE900C52654 /* Products */;
			projectDirPath = "";
			projectRoot = "";
			targets = (
				75EE5549183BBFE900C52654 /* EventosCaracol */,
				75EE556D183BBFE900C52654 /* EventosCaracolTests */,
			);
		};
/* End PBXProject section */

/* Begin PBXResourcesBuildPhase section */
		75EE5548183BBFE900C52654 /* Resources */ = {
			isa = PBXResourcesBuildPhase;
			buildActionMask = 2147483647;
			files = (
				8BB37E091848FA9700274848 /* CaracolPrueba.jpg in Resources */,
				75EE5564183BBFE900C52654 /* Main_iPad.storyboard in Resources */,
				8BBE1296184D309900D90BE5 /* updateArrow.png in Resources */,
				8B1ED2581845482E00312DCE /* IconoPrueba.png in Resources */,
				8BF0E327185242580048D32D /* CorazonRojo.png in Resources */,
				A08A392A1853F3ED00E2A6C8 /* BotonTodosLosSitios.png in Resources */,
				8BBE1251184CE97A00D90BE5 /* CarnavalPrueba.jpg in Resources */,
				8BB37E4F18492FBC00274848 /* CaracolPrueba2.jpg in Resources */,
				8BB37E511849332200274848 /* CaracolPrueba3.png in Resources */,
				A08E87791855106B00C5E960 /* LoadingiPad.png in Resources */,
				8B3BC98618526D9300CAD92E /* Loading.png in Resources */,
				8BF0E32B185246BD0048D32D /* SwipCellFavorite.png in Resources */,
				8BD09F59184F81E900BA45FC /* CorazonGris.png in Resources */,
				8B3BC98F18528A0000CAD92E /* CorazonApagado.png in Resources */,
				8B3BC98C185282E100CAD92E /* FondoMenu.png in Resources */,
				8BF0E32D1852471A0048D32D /* SwipCellShare.png in Resources */,
				8BF0E329185244360048D32D /* BorrarRojo.png in Resources */,
				8BB37E531849357900274848 /* CaracolPrueba4.png in Resources */,
				8BB464D01847F5CB0000A7FE /* BorrarPrueba.png in Resources */,
				75EE5569183BBFE900C52654 /* Images.xcassets in Resources */,
				8B3BC98A18527AEF00CAD92E /* ShareIcon.png in Resources */,
				A08A39281853DC9200E2A6C8 /* GoogleMaps.bundle in Resources */,
				A08A392C1853FBAC00E2A6C8 /* FondoBarraBusqueda.png in Resources */,
				75EE5561183BBFE900C52654 /* Main_iPhone.storyboard in Resources */,
				75EE5558183BBFE900C52654 /* InfoPlist.strings in Resources */,
				8BCD7D3C183FB20500849D8A /* CorazonPrueba.png in Resources */,
				8BD09F5B184F846300BA45FC /* BorrarGris.png in Resources */,
				8B3BC99018528A0000CAD92E /* CorazonPrendido.png in Resources */,
				8B3BC988185278D300CAD92E /* SidebarIcon.png in Resources */,
			);
			runOnlyForDeploymentPostprocessing = 0;
		};
		75EE556C183BBFE900C52654 /* Resources */ = {
			isa = PBXResourcesBuildPhase;
			buildActionMask = 2147483647;
			files = (
				75EE557A183BBFE900C52654 /* InfoPlist.strings in Resources */,
			);
			runOnlyForDeploymentPostprocessing = 0;
		};
/* End PBXResourcesBuildPhase section */

/* Begin PBXSourcesBuildPhase section */
		75EE5546183BBFE900C52654 /* Sources */ = {
			isa = PBXSourcesBuildPhase;
			buildActionMask = 2147483647;
			files = (
				75EE555E183BBFE900C52654 /* AppDelegate.m in Sources */,
				8BBE1248184CDFAA00D90BE5 /* UIView+Autolayout.m in Sources */,
				8BBE124A184CDFAA00D90BE5 /* MBFlatAlertButton.m in Sources */,
				8BEFF81E183FEEE1004A5C6E /* DestacadosCollectionViewCell.m in Sources */,
				8BA9C3B11843A20100876AA5 /* SWRevealViewController.m in Sources */,
				8BCD7D40183FB8DC00849D8A /* DestacadosViewController.m in Sources */,
				8BBE1241184CDFAA00D90BE5 /* NSString+Trim.m in Sources */,
				8BBE1246184CDFAA00D90BE5 /* MBAlertViewItem.m in Sources */,
				8BFFF27D183FA82000009526 /* PopUpView.m in Sources */,
				8B2D0034183D1D700007D502 /* SWTableViewCell.m in Sources */,
				8B2D0037183D2A490007D502 /* Atom.m in Sources */,
				75EE555A183BBFE900C52654 /* main.m in Sources */,
				8BA11EC2183BDB5D003616AB /* LoginViewController.m in Sources */,
				8BBE1243184CDFAA00D90BE5 /* UIView+Alert.m in Sources */,
				8BBE1245184CDFAA00D90BE5 /* MBAlertViewButton.m in Sources */,
				8B2D0031183D1BBB0007D502 /* ListViewController.m in Sources */,
				8BBE1242184CDFAA00D90BE5 /* UIFont+Alert.m in Sources */,
				8BBE1249184CDFAA00D90BE5 /* MBFlatAlertAbstract.m in Sources */,
				8BBE124E184CDFAA00D90BE5 /* MBSpinningCircle.m in Sources */,
				8B2D003A183D2EF30007D502 /* Location.m in Sources */,
				8BA9C3B51843A60700876AA5 /* SidebarViewController.m in Sources */,
				8BBE124F184CDFAA00D90BE5 /* MBAlertAbstract.m in Sources */,
				8BA11EBF183BDAA0003616AB /* LoadingViewController.m in Sources */,
				8BBE124D184CDFAA00D90BE5 /* MBHUDView.m in Sources */,
				8B1ED256184544DB00312DCE /* FAQViewController.m in Sources */,
				8BBE124B184CDFAA00D90BE5 /* MBFlatAlertView.m in Sources */,
				8BB37E071848FA6C00274848 /* TutorialViewController.m in Sources */,
				8BBE1244184CDFAA00D90BE5 /* MBAlertView.m in Sources */,
				8B2D0044183D64920007D502 /* DetailsViewController.m in Sources */,
				75EE558A183BC45300C52654 /* FileSaver.m in Sources */,
				8BBDE6BD1846422100BEAD74 /* MapViewController.m in Sources */,
				8BA59699185128C400B6E7D0 /* WebViewController.m in Sources */,
				75EE5589183BC45300C52654 /* ServerCommunicator.m in Sources */,
				8B1ED2531844E30E00312DCE /* MenuTableViewCell.m in Sources */,
				8BBE1247184CDFAA00D90BE5 /* AutoLayoutHelpers.m in Sources */,
				8BBE124C184CDFAA00D90BE5 /* MBCheckMarkView.m in Sources */,
			);
			runOnlyForDeploymentPostprocessing = 0;
		};
		75EE556A183BBFE900C52654 /* Sources */ = {
			isa = PBXSourcesBuildPhase;
			buildActionMask = 2147483647;
			files = (
				75EE557C183BBFE900C52654 /* EventosCaracolTests.m in Sources */,
			);
			runOnlyForDeploymentPostprocessing = 0;
		};
/* End PBXSourcesBuildPhase section */

/* Begin PBXTargetDependency section */
		75EE5574183BBFE900C52654 /* PBXTargetDependency */ = {
			isa = PBXTargetDependency;
			target = 75EE5549183BBFE900C52654 /* EventosCaracol */;
			targetProxy = 75EE5573183BBFE900C52654 /* PBXContainerItemProxy */;
		};
/* End PBXTargetDependency section */

/* Begin PBXVariantGroup section */
		75EE5556183BBFE900C52654 /* InfoPlist.strings */ = {
			isa = PBXVariantGroup;
			children = (
				75EE5557183BBFE900C52654 /* en */,
			);
			name = InfoPlist.strings;
			sourceTree = "<group>";
		};
		75EE555F183BBFE900C52654 /* Main_iPhone.storyboard */ = {
			isa = PBXVariantGroup;
			children = (
				75EE5560183BBFE900C52654 /* Base */,
			);
			name = Main_iPhone.storyboard;
			sourceTree = "<group>";
		};
		75EE5562183BBFE900C52654 /* Main_iPad.storyboard */ = {
			isa = PBXVariantGroup;
			children = (
				75EE5563183BBFE900C52654 /* Base */,
			);
			name = Main_iPad.storyboard;
			sourceTree = "<group>";
		};
		75EE5578183BBFE900C52654 /* InfoPlist.strings */ = {
			isa = PBXVariantGroup;
			children = (
				75EE5579183BBFE900C52654 /* en */,
			);
			name = InfoPlist.strings;
			sourceTree = "<group>";
		};
/* End PBXVariantGroup section */

/* Begin XCBuildConfiguration section */
		75EE557D183BBFE900C52654 /* Debug */ = {
			isa = XCBuildConfiguration;
			buildSettings = {
				ALWAYS_SEARCH_USER_PATHS = NO;
				ARCHS = "$(ARCHS_STANDARD_INCLUDING_64_BIT)";
				CLANG_CXX_LANGUAGE_STANDARD = "gnu++0x";
				CLANG_CXX_LIBRARY = "libc++";
				CLANG_ENABLE_MODULES = YES;
				CLANG_ENABLE_OBJC_ARC = YES;
				CLANG_WARN_BOOL_CONVERSION = YES;
				CLANG_WARN_CONSTANT_CONVERSION = YES;
				CLANG_WARN_DIRECT_OBJC_ISA_USAGE = YES_ERROR;
				CLANG_WARN_EMPTY_BODY = YES;
				CLANG_WARN_ENUM_CONVERSION = YES;
				CLANG_WARN_INT_CONVERSION = YES;
				CLANG_WARN_OBJC_ROOT_CLASS = YES_ERROR;
				CLANG_WARN__DUPLICATE_METHOD_MATCH = YES;
				"CODE_SIGN_IDENTITY[sdk=iphoneos*]" = "iPhone Developer";
				COPY_PHASE_STRIP = NO;
				GCC_C_LANGUAGE_STANDARD = gnu99;
				GCC_DYNAMIC_NO_PIC = NO;
				GCC_OPTIMIZATION_LEVEL = 0;
				GCC_PREPROCESSOR_DEFINITIONS = (
					"DEBUG=1",
					"$(inherited)",
				);
				GCC_SYMBOLS_PRIVATE_EXTERN = NO;
				GCC_WARN_64_TO_32_BIT_CONVERSION = YES;
				GCC_WARN_ABOUT_RETURN_TYPE = YES_ERROR;
				GCC_WARN_UNDECLARED_SELECTOR = YES;
				GCC_WARN_UNINITIALIZED_AUTOS = YES;
				GCC_WARN_UNUSED_FUNCTION = YES;
				GCC_WARN_UNUSED_VARIABLE = YES;
				IPHONEOS_DEPLOYMENT_TARGET = 7.0;
				ONLY_ACTIVE_ARCH = YES;
				SDKROOT = iphoneos;
				TARGETED_DEVICE_FAMILY = "1,2";
			};
			name = Debug;
		};
		75EE557E183BBFE900C52654 /* Release */ = {
			isa = XCBuildConfiguration;
			buildSettings = {
				ALWAYS_SEARCH_USER_PATHS = NO;
				ARCHS = "$(ARCHS_STANDARD_INCLUDING_64_BIT)";
				CLANG_CXX_LANGUAGE_STANDARD = "gnu++0x";
				CLANG_CXX_LIBRARY = "libc++";
				CLANG_ENABLE_MODULES = YES;
				CLANG_ENABLE_OBJC_ARC = YES;
				CLANG_WARN_BOOL_CONVERSION = YES;
				CLANG_WARN_CONSTANT_CONVERSION = YES;
				CLANG_WARN_DIRECT_OBJC_ISA_USAGE = YES_ERROR;
				CLANG_WARN_EMPTY_BODY = YES;
				CLANG_WARN_ENUM_CONVERSION = YES;
				CLANG_WARN_INT_CONVERSION = YES;
				CLANG_WARN_OBJC_ROOT_CLASS = YES_ERROR;
				CLANG_WARN__DUPLICATE_METHOD_MATCH = YES;
				"CODE_SIGN_IDENTITY[sdk=iphoneos*]" = "iPhone Developer";
				COPY_PHASE_STRIP = YES;
				ENABLE_NS_ASSERTIONS = NO;
				GCC_C_LANGUAGE_STANDARD = gnu99;
				GCC_WARN_64_TO_32_BIT_CONVERSION = YES;
				GCC_WARN_ABOUT_RETURN_TYPE = YES_ERROR;
				GCC_WARN_UNDECLARED_SELECTOR = YES;
				GCC_WARN_UNINITIALIZED_AUTOS = YES;
				GCC_WARN_UNUSED_FUNCTION = YES;
				GCC_WARN_UNUSED_VARIABLE = YES;
				IPHONEOS_DEPLOYMENT_TARGET = 7.0;
				SDKROOT = iphoneos;
				TARGETED_DEVICE_FAMILY = "1,2";
				VALIDATE_PRODUCT = YES;
			};
			name = Release;
		};
		75EE5580183BBFE900C52654 /* Debug */ = {
			isa = XCBuildConfiguration;
			buildSettings = {
				ASSETCATALOG_COMPILER_APPICON_NAME = AppIcon;
				ASSETCATALOG_COMPILER_LAUNCHIMAGE_NAME = LaunchImage;
				CODE_SIGN_IDENTITY = "iPhone Developer";
				"CODE_SIGN_IDENTITY[sdk=iphoneos*]" = "iPhone Developer";
				FRAMEWORK_SEARCH_PATHS = (
					"$(inherited)",
					/Users/developer/eventoscaracol,
					/Users/diegovidal/Documents/Diego/WorkProjects/Caracol/Aplicacion,
				);
				GCC_PRECOMPILE_PREFIX_HEADER = YES;
				GCC_PREFIX_HEADER = "EventosCaracol/EventosCaracol-Prefix.pch";
				INFOPLIST_FILE = "EventosCaracol/EventosCaracol-Info.plist";
				IPHONEOS_DEPLOYMENT_TARGET = 7.0;
				OTHER_LDFLAGS = "-ObjC";
				PRODUCT_NAME = "$(TARGET_NAME)";
				TARGETED_DEVICE_FAMILY = "1,2";
				WRAPPER_EXTENSION = app;
			};
			name = Debug;
		};
		75EE5581183BBFE900C52654 /* Release */ = {
			isa = XCBuildConfiguration;
			buildSettings = {
				ASSETCATALOG_COMPILER_APPICON_NAME = AppIcon;
				ASSETCATALOG_COMPILER_LAUNCHIMAGE_NAME = LaunchImage;
				FRAMEWORK_SEARCH_PATHS = (
					"$(inherited)",
					/Users/developer/eventoscaracol,
					/Users/diegovidal/Documents/Diego/WorkProjects/Caracol/Aplicacion,
				);
				GCC_PRECOMPILE_PREFIX_HEADER = YES;
				GCC_PREFIX_HEADER = "EventosCaracol/EventosCaracol-Prefix.pch";
				INFOPLIST_FILE = "EventosCaracol/EventosCaracol-Info.plist";
				IPHONEOS_DEPLOYMENT_TARGET = 7.0;
				OTHER_LDFLAGS = "-ObjC";
				PRODUCT_NAME = "$(TARGET_NAME)";
				TARGETED_DEVICE_FAMILY = "1,2";
				WRAPPER_EXTENSION = app;
			};
			name = Release;
		};
		75EE5583183BBFE900C52654 /* Debug */ = {
			isa = XCBuildConfiguration;
			buildSettings = {
				ARCHS = "$(ARCHS_STANDARD_INCLUDING_64_BIT)";
				BUNDLE_LOADER = "$(BUILT_PRODUCTS_DIR)/EventosCaracol.app/EventosCaracol";
				FRAMEWORK_SEARCH_PATHS = (
					"$(SDKROOT)/Developer/Library/Frameworks",
					"$(inherited)",
					"$(DEVELOPER_FRAMEWORKS_DIR)",
				);
				GCC_PRECOMPILE_PREFIX_HEADER = YES;
				GCC_PREFIX_HEADER = "EventosCaracol/EventosCaracol-Prefix.pch";
				GCC_PREPROCESSOR_DEFINITIONS = (
					"DEBUG=1",
					"$(inherited)",
				);
				INFOPLIST_FILE = "EventosCaracolTests/EventosCaracolTests-Info.plist";
				PRODUCT_NAME = "$(TARGET_NAME)";
				TEST_HOST = "$(BUNDLE_LOADER)";
				WRAPPER_EXTENSION = xctest;
			};
			name = Debug;
		};
		75EE5584183BBFE900C52654 /* Release */ = {
			isa = XCBuildConfiguration;
			buildSettings = {
				ARCHS = "$(ARCHS_STANDARD_INCLUDING_64_BIT)";
				BUNDLE_LOADER = "$(BUILT_PRODUCTS_DIR)/EventosCaracol.app/EventosCaracol";
				FRAMEWORK_SEARCH_PATHS = (
					"$(SDKROOT)/Developer/Library/Frameworks",
					"$(inherited)",
					"$(DEVELOPER_FRAMEWORKS_DIR)",
				);
				GCC_PRECOMPILE_PREFIX_HEADER = YES;
				GCC_PREFIX_HEADER = "EventosCaracol/EventosCaracol-Prefix.pch";
				INFOPLIST_FILE = "EventosCaracolTests/EventosCaracolTests-Info.plist";
				PRODUCT_NAME = "$(TARGET_NAME)";
				TEST_HOST = "$(BUNDLE_LOADER)";
				WRAPPER_EXTENSION = xctest;
			};
			name = Release;
		};
/* End XCBuildConfiguration section */

/* Begin XCConfigurationList section */
		75EE5545183BBFE900C52654 /* Build configuration list for PBXProject "EventosCaracol" */ = {
			isa = XCConfigurationList;
			buildConfigurations = (
				75EE557D183BBFE900C52654 /* Debug */,
				75EE557E183BBFE900C52654 /* Release */,
			);
			defaultConfigurationIsVisible = 0;
			defaultConfigurationName = Release;
		};
		75EE557F183BBFE900C52654 /* Build configuration list for PBXNativeTarget "EventosCaracol" */ = {
			isa = XCConfigurationList;
			buildConfigurations = (
				75EE5580183BBFE900C52654 /* Debug */,
				75EE5581183BBFE900C52654 /* Release */,
			);
			defaultConfigurationIsVisible = 0;
			defaultConfigurationName = Release;
		};
		75EE5582183BBFE900C52654 /* Build configuration list for PBXNativeTarget "EventosCaracolTests" */ = {
			isa = XCConfigurationList;
			buildConfigurations = (
				75EE5583183BBFE900C52654 /* Debug */,
				75EE5584183BBFE900C52654 /* Release */,
			);
			defaultConfigurationIsVisible = 0;
			defaultConfigurationName = Release;
		};
/* End XCConfigurationList section */
	};
	rootObject = 75EE5542183BBFE900C52654 /* Project object */;
}
